Microsoft Visual Studio Solution File, Format Version 11.00
# Visual Studio 2008

Project("{CEFA669C-6B63-944D-9BB6-7CEE8190D4F5}") = "Shields Up", "Assembly-CSharp.csproj", "{190781F2-6F0C-9A58-F462-454D663E8758}"
EndProject
Global
	GlobalSection(SolutionConfigurationPlatforms) = preSolution
		Debug|Any CPU = Debug|Any CPU
		Release|Any CPU = Release|Any CPU
	EndGlobalSection
	GlobalSection(ProjectConfigurationPlatforms) = postSolution
		{190781F2-6F0C-9A58-F462-454D663E8758}.Debug|Any CPU.ActiveCfg = Debug|Any CPU
		{190781F2-6F0C-9A58-F462-454D663E8758}.Debug|Any CPU.Build.0 = Debug|Any CPU
		{190781F2-6F0C-9A58-F462-454D663E8758}.Release|Any CPU.ActiveCfg = Release|Any CPU
		{190781F2-6F0C-9A58-F462-454D663E8758}.Release|Any CPU.Build.0 = Release|Any CPU
	EndGlobalSection
	GlobalSection(SolutionProperties) = preSolution
		HideSolutionNode = FALSE
	EndGlobalSection
	GlobalSection(MonoDevelopProperties) = preSolution
		StartupItem = Assembly-CSharp.csproj
	EndGlobalSection
EndGlobal
